
Microsoft Visual Studio Solution File, Format Version 12.00
# Visual Studio Version 17
VisualStudioVersion = 17.10.35122.118
MinimumVisualStudioVersion = 10.0.40219.1
Project("{9A19103F-16F7-4668-BE54-9A1E7A4F7556}") = "OddsAndEndsUI", "OddsAndEndsUI\OddsAndEndsUI.csproj", "{28D5D87A-C258-4CC5-BE87-2DF5809F7139}"
EndProject
Global
	GlobalSection(SolutionConfigurationPlatforms) = preSolution
		Debug|Any CPU = Debug|Any CPU
		Release|Any CPU = Release|Any CPU
	EndGlobalSection
	GlobalSection(ProjectConfigurationPlatforms) = postSolution
		{28D5D87A-C258-4CC5-BE87-2DF5809F7139}.Debug|Any CPU.ActiveCfg = Debug|Any CPU
		{28D5D87A-C258-4CC5-BE87-2DF5809F7139}.Debug|Any CPU.Build.0 = Debug|Any CPU
		{28D5D87A-C258-4CC5-BE87-2DF5809F7139}.Release|Any CPU.ActiveCfg = Release|Any CPU
		{28D5D87A-C258-4CC5-BE87-2DF5809F7139}.Release|Any CPU.Build.0 = Release|Any CPU
	EndGlobalSection
	GlobalSection(SolutionProperties) = preSolution
		HideSolutionNode = FALSE
	EndGlobalSection
	GlobalSection(ExtensibilityGlobals) = postSolution
		SolutionGuid = {C5E19834-7160-49F5-821E-DC4454A4A4D3}
	EndGlobalSection
EndGlobal
